{
  "name": "nanolink",
  "requires": true,
  "lockfileVersion": 1,
  "dependencies": {
    "@now/node": {
      "version": "1.0.1",
      "resolved": "https://registry.npmjs.org/@now/node/-/node-1.0.1.tgz",
      "integrity": "sha512-unClfFk4s7q31AyE6D+8LjQTeFRG+YKfeCCMXT+/KXIuCzCx/uqCtlP/rp9sCdxayVM93iPg9x1Ttbn3ySg7zQ==",
      "requires": {
        "@types/node": "*"
      }
    },
    "@types/node": {
      "version": "12.7.12",
      "resolved": "https://registry.npmjs.org/@types/node/-/node-12.7.12.tgz",
      "integrity": "sha512-KPYGmfD0/b1eXurQ59fXD1GBzhSQfz6/lKBxkaHX9dKTzjXbK68Zt7yGUxUsCS1jeTy/8aL+d9JEr+S54mpkWQ=="
    }
  }
}
